// !$*UTF8*$!
{
	archiveVersion = 1;
	classes = {
	};
	objectVersion = 46;
	objects = {

/* Begin PBXBuildFile section */
		2DCEA7D855704765A7902FA7 /* libPods-Tests.a in Frameworks */ = {isa = PBXBuildFile; fileRef = 4CF72022F809409584EDC439 /* libPods-Tests.a */; };
		3FD31EA12BCD4CACB49B98B3 /* libPods-PhoenixPlatform-iOS-SDK.a in Frameworks */ = {isa = PBXBuildFile; fileRef = 7EAB79033DDC42AFA9215CA4 /* libPods-PhoenixPlatform-iOS-SDK.a */; };
		4DE789621999D64A0077DE39 /* SyndicateStoryboard.storyboard in Resources */ = {isa = PBXBuildFile; fileRef = 4DE789611999D64A0077DE39 /* SyndicateStoryboard.storyboard */; };
		4DF98ACA19920DC1000E3C08 /* ServiceConfig.plist in Resources */ = {isa = PBXBuildFile; fileRef = 4DF98AC919920DC1000E3C08 /* ServiceConfig.plist */; };
		4DF98AD719921206000E3C08 /* AnalyticStoryboard.storyboard in Resources */ = {isa = PBXBuildFile; fileRef = 4DF98AD419921206000E3C08 /* AnalyticStoryboard.storyboard */; };
		4DF98AD819921206000E3C08 /* AnalyticViewController.m in Sources */ = {isa = PBXBuildFile; fileRef = 4DF98AD619921206000E3C08 /* AnalyticViewController.m */; };
		4DF98ADB19921216000E3C08 /* HomeViewController.m in Sources */ = {isa = PBXBuildFile; fileRef = 4DF98ADA19921216000E3C08 /* HomeViewController.m */; };
		4DF98ADE1992121D000E3C08 /* LoginViewController.m in Sources */ = {isa = PBXBuildFile; fileRef = 4DF98ADD1992121D000E3C08 /* LoginViewController.m */; };
		4DF98AE019921224000E3C08 /* MediaStoryboard.storyboard in Resources */ = {isa = PBXBuildFile; fileRef = 4DF98ADF19921224000E3C08 /* MediaStoryboard.storyboard */; };
		4DF98AE21992122A000E3C08 /* MessageStoryboard.storyboard in Resources */ = {isa = PBXBuildFile; fileRef = 4DF98AE11992122A000E3C08 /* MessageStoryboard.storyboard */; };
		4DF98AE519921241000E3C08 /* RootTabBarController.m in Sources */ = {isa = PBXBuildFile; fileRef = 4DF98AE419921241000E3C08 /* RootTabBarController.m */; };
		4DF98AE71992136D000E3C08 /* Main.storyboard in Resources */ = {isa = PBXBuildFile; fileRef = 4DF98AE61992136D000E3C08 /* Main.storyboard */; };
		6003F58E195388D20070C39A /* Foundation.framework in Frameworks */ = {isa = PBXBuildFile; fileRef = 6003F58D195388D20070C39A /* Foundation.framework */; };
		6003F590195388D20070C39A /* CoreGraphics.framework in Frameworks */ = {isa = PBXBuildFile; fileRef = 6003F58F195388D20070C39A /* CoreGraphics.framework */; };
		6003F592195388D20070C39A /* UIKit.framework in Frameworks */ = {isa = PBXBuildFile; fileRef = 6003F591195388D20070C39A /* UIKit.framework */; };
		6003F598195388D20070C39A /* InfoPlist.strings in Resources */ = {isa = PBXBuildFile; fileRef = 6003F596195388D20070C39A /* InfoPlist.strings */; };
		6003F59A195388D20070C39A /* main.m in Sources */ = {isa = PBXBuildFile; fileRef = 6003F599195388D20070C39A /* main.m */; };
		6003F59E195388D20070C39A /* TSAppDelegate.m in Sources */ = {isa = PBXBuildFile; fileRef = 6003F59D195388D20070C39A /* TSAppDelegate.m */; };
		6003F5A9195388D20070C39A /* Images.xcassets in Resources */ = {isa = PBXBuildFile; fileRef = 6003F5A8195388D20070C39A /* Images.xcassets */; };
		6003F5B0195388D20070C39A /* XCTest.framework in Frameworks */ = {isa = PBXBuildFile; fileRef = 6003F5AF195388D20070C39A /* XCTest.framework */; };
		6003F5B1195388D20070C39A /* Foundation.framework in Frameworks */ = {isa = PBXBuildFile; fileRef = 6003F58D195388D20070C39A /* Foundation.framework */; };
		6003F5B2195388D20070C39A /* UIKit.framework in Frameworks */ = {isa = PBXBuildFile; fileRef = 6003F591195388D20070C39A /* UIKit.framework */; };
		6003F5BA195388D20070C39A /* InfoPlist.strings in Resources */ = {isa = PBXBuildFile; fileRef = 6003F5B8195388D20070C39A /* InfoPlist.strings */; };
		6003F5BC195388D20070C39A /* Tests.m in Sources */ = {isa = PBXBuildFile; fileRef = 6003F5BB195388D20070C39A /* Tests.m */; };
/* End PBXBuildFile section */

/* Begin PBXContainerItemProxy section */
		6003F5B3195388D20070C39A /* PBXContainerItemProxy */ = {
			isa = PBXContainerItemProxy;
			containerPortal = 6003F582195388D10070C39A /* Project object */;
			proxyType = 1;
			remoteGlobalIDString = 6003F589195388D20070C39A;
			remoteInfo = "PhoenixPlatform-iOS-SDK";
		};
/* End PBXContainerItemProxy section */

/* Begin PBXFileReference section */
		0ADE3D6C6EDB4360823ECF05 /* Pods-Tests.xcconfig */ = {isa = PBXFileReference; includeInIndex = 1; lastKnownFileType = text.xcconfig; name = "Pods-Tests.xcconfig"; path = "Pods/Pods-Tests.xcconfig"; sourceTree = "<group>"; };
		3A8FF075151D4C2BABA8C0A7 /* README.md */ = {isa = PBXFileReference; includeInIndex = 1; lastKnownFileType = file; name = README.md; path = ../README.md; sourceTree = "<group>"; };
		4CF72022F809409584EDC439 /* libPods-Tests.a */ = {isa = PBXFileReference; explicitFileType = archive.ar; includeInIndex = 0; path = "libPods-Tests.a"; sourceTree = BUILT_PRODUCTS_DIR; };
		4DE789611999D64A0077DE39 /* SyndicateStoryboard.storyboard */ = {isa = PBXFileReference; fileEncoding = 4; lastKnownFileType = file.storyboard; name = SyndicateStoryboard.storyboard; path = src/UI/Syndicate/SyndicateStoryboard.storyboard; sourceTree = "<group>"; };
		4DF98AC919920DC1000E3C08 /* ServiceConfig.plist */ = {isa = PBXFileReference; fileEncoding = 4; lastKnownFileType = text.plist.xml; path = ServiceConfig.plist; sourceTree = "<group>"; };
		4DF98AD419921206000E3C08 /* AnalyticStoryboard.storyboard */ = {isa = PBXFileReference; fileEncoding = 4; lastKnownFileType = file.storyboard; name = AnalyticStoryboard.storyboard; path = src/UI/Analytic/AnalyticStoryboard.storyboard; sourceTree = "<group>"; };
		4DF98AD519921206000E3C08 /* AnalyticViewController.h */ = {isa = PBXFileReference; fileEncoding = 4; lastKnownFileType = sourcecode.c.h; name = AnalyticViewController.h; path = src/UI/Analytic/AnalyticViewController.h; sourceTree = "<group>"; };
		4DF98AD619921206000E3C08 /* AnalyticViewController.m */ = {isa = PBXFileReference; fileEncoding = 4; lastKnownFileType = sourcecode.c.objc; name = AnalyticViewController.m; path = src/UI/Analytic/AnalyticViewController.m; sourceTree = "<group>"; };
		4DF98AD919921216000E3C08 /* HomeViewController.h */ = {isa = PBXFileReference; fileEncoding = 4; lastKnownFileType = sourcecode.c.h; name = HomeViewController.h; path = src/UI/HomeViewController.h; sourceTree = "<group>"; };
		4DF98ADA19921216000E3C08 /* HomeViewController.m */ = {isa = PBXFileReference; fileEncoding = 4; lastKnownFileType = sourcecode.c.objc; name = HomeViewController.m; path = src/UI/HomeViewController.m; sourceTree = "<group>"; };
		4DF98ADC1992121D000E3C08 /* LoginViewController.h */ = {isa = PBXFileReference; fileEncoding = 4; lastKnownFileType = sourcecode.c.h; name = LoginViewController.h; path = src/UI/LoginViewController.h; sourceTree = "<group>"; };
		4DF98ADD1992121D000E3C08 /* LoginViewController.m */ = {isa = PBXFileReference; fileEncoding = 4; lastKnownFileType = sourcecode.c.objc; name = LoginViewController.m; path = src/UI/LoginViewController.m; sourceTree = "<group>"; };
		4DF98ADF19921224000E3C08 /* MediaStoryboard.storyboard */ = {isa = PBXFileReference; fileEncoding = 4; lastKnownFileType = file.storyboard; name = MediaStoryboard.storyboard; path = src/UI/Media/MediaStoryboard.storyboard; sourceTree = "<group>"; };
		4DF98AE11992122A000E3C08 /* MessageStoryboard.storyboard */ = {isa = PBXFileReference; fileEncoding = 4; lastKnownFileType = file.storyboard; name = MessageStoryboard.storyboard; path = src/UI/Message/MessageStoryboard.storyboard; sourceTree = "<group>"; };
		4DF98AE319921241000E3C08 /* RootTabBarController.h */ = {isa = PBXFileReference; fileEncoding = 4; lastKnownFileType = sourcecode.c.h; name = RootTabBarController.h; path = src/UI/RootTabBarController.h; sourceTree = "<group>"; };
		4DF98AE419921241000E3C08 /* RootTabBarController.m */ = {isa = PBXFileReference; fileEncoding = 4; lastKnownFileType = sourcecode.c.objc; name = RootTabBarController.m; path = src/UI/RootTabBarController.m; sourceTree = "<group>"; };
		4DF98AE61992136D000E3C08 /* Main.storyboard */ = {isa = PBXFileReference; fileEncoding = 4; lastKnownFileType = file.storyboard; name = Main.storyboard; path = src/UI/Main.storyboard; sourceTree = "<group>"; };
		556A27A292F44E2D904F2CD0 /* Pods-PhoenixPlatform-iOS-SDK.xcconfig */ = {isa = PBXFileReference; includeInIndex = 1; lastKnownFileType = text.xcconfig; name = "Pods-PhoenixPlatform-iOS-SDK.xcconfig"; path = "Pods/Pods-PhoenixPlatform-iOS-SDK.xcconfig"; sourceTree = "<group>"; };
		5FD0C429EC44400C859050FF /* PhoenixPlatform-iOS-SDK.podspec */ = {isa = PBXFileReference; includeInIndex = 1; lastKnownFileType = text; name = "PhoenixPlatform-iOS-SDK.podspec"; path = "../PhoenixPlatform-iOS-SDK.podspec"; sourceTree = "<group>"; };
		6003F58A195388D20070C39A /* PhoenixPlatform-iOS-SDK.app */ = {isa = PBXFileReference; explicitFileType = wrapper.application; includeInIndex = 0; path = "PhoenixPlatform-iOS-SDK.app"; sourceTree = BUILT_PRODUCTS_DIR; };
		6003F58D195388D20070C39A /* Foundation.framework */ = {isa = PBXFileReference; lastKnownFileType = wrapper.framework; name = Foundation.framework; path = System/Library/Frameworks/Foundation.framework; sourceTree = SDKROOT; };
		6003F58F195388D20070C39A /* CoreGraphics.framework */ = {isa = PBXFileReference; lastKnownFileType = wrapper.framework; name = CoreGraphics.framework; path = System/Library/Frameworks/CoreGraphics.framework; sourceTree = SDKROOT; };
		6003F591195388D20070C39A /* UIKit.framework */ = {isa = PBXFileReference; lastKnownFileType = wrapper.framework; name = UIKit.framework; path = System/Library/Frameworks/UIKit.framework; sourceTree = SDKROOT; };
		6003F595195388D20070C39A /* PhoenixPlatform-iOS-SDK-Info.plist */ = {isa = PBXFileReference; lastKnownFileType = text.plist.xml; path = "PhoenixPlatform-iOS-SDK-Info.plist"; sourceTree = "<group>"; };
		6003F597195388D20070C39A /* en */ = {isa = PBXFileReference; lastKnownFileType = text.plist.strings; name = en; path = en.lproj/InfoPlist.strings; sourceTree = "<group>"; };
		6003F599195388D20070C39A /* main.m */ = {isa = PBXFileReference; lastKnownFileType = sourcecode.c.objc; path = main.m; sourceTree = "<group>"; };
		6003F59B195388D20070C39A /* PhoenixPlatform-iOS-SDK-Prefix.pch */ = {isa = PBXFileReference; lastKnownFileType = sourcecode.c.h; path = "PhoenixPlatform-iOS-SDK-Prefix.pch"; sourceTree = "<group>"; };
		6003F59C195388D20070C39A /* TSAppDelegate.h */ = {isa = PBXFileReference; lastKnownFileType = sourcecode.c.h; path = TSAppDelegate.h; sourceTree = "<group>"; };
		6003F59D195388D20070C39A /* TSAppDelegate.m */ = {isa = PBXFileReference; lastKnownFileType = sourcecode.c.objc; path = TSAppDelegate.m; sourceTree = "<group>"; };
		6003F5A8195388D20070C39A /* Images.xcassets */ = {isa = PBXFileReference; lastKnownFileType = folder.assetcatalog; path = Images.xcassets; sourceTree = "<group>"; };
		6003F5AE195388D20070C39A /* Tests.xctest */ = {isa = PBXFileReference; explicitFileType = wrapper.cfbundle; includeInIndex = 0; path = Tests.xctest; sourceTree = BUILT_PRODUCTS_DIR; };
		6003F5AF195388D20070C39A /* XCTest.framework */ = {isa = PBXFileReference; lastKnownFileType = wrapper.framework; name = XCTest.framework; path = Library/Frameworks/XCTest.framework; sourceTree = DEVELOPER_DIR; };
		6003F5B7195388D20070C39A /* Tests-Info.plist */ = {isa = PBXFileReference; lastKnownFileType = text.plist.xml; path = "Tests-Info.plist"; sourceTree = "<group>"; };
		6003F5B9195388D20070C39A /* en */ = {isa = PBXFileReference; lastKnownFileType = text.plist.strings; name = en; path = en.lproj/InfoPlist.strings; sourceTree = "<group>"; };
		6003F5BB195388D20070C39A /* Tests.m */ = {isa = PBXFileReference; lastKnownFileType = sourcecode.c.objc; path = Tests.m; sourceTree = "<group>"; };
		606FC2411953D9B200FFA9A0 /* Tests-Prefix.pch */ = {isa = PBXFileReference; lastKnownFileType = sourcecode.c.h; path = "Tests-Prefix.pch"; sourceTree = "<group>"; };
		7EAB79033DDC42AFA9215CA4 /* libPods-PhoenixPlatform-iOS-SDK.a */ = {isa = PBXFileReference; explicitFileType = archive.ar; includeInIndex = 0; path = "libPods-PhoenixPlatform-iOS-SDK.a"; sourceTree = BUILT_PRODUCTS_DIR; };
		E022F8D83AC448F8B6BE8EDC /* LICENSE */ = {isa = PBXFileReference; includeInIndex = 1; lastKnownFileType = text; name = LICENSE; path = ../LICENSE; sourceTree = "<group>"; };
/* End PBXFileReference section */

/* Begin PBXFrameworksBuildPhase section */
		6003F587195388D20070C39A /* Frameworks */ = {
			isa = PBXFrameworksBuildPhase;
			buildActionMask = 2147483647;
			files = (
				6003F590195388D20070C39A /* CoreGraphics.framework in Frameworks */,
				6003F592195388D20070C39A /* UIKit.framework in Frameworks */,
				6003F58E195388D20070C39A /* Foundation.framework in Frameworks */,
				3FD31EA12BCD4CACB49B98B3 /* libPods-PhoenixPlatform-iOS-SDK.a in Frameworks */,
			);
			runOnlyForDeploymentPostprocessing = 0;
		};
		6003F5AB195388D20070C39A /* Frameworks */ = {
			isa = PBXFrameworksBuildPhase;
			buildActionMask = 2147483647;
			files = (
				6003F5B0195388D20070C39A /* XCTest.framework in Frameworks */,
				6003F5B2195388D20070C39A /* UIKit.framework in Frameworks */,
				6003F5B1195388D20070C39A /* Foundation.framework in Frameworks */,
				2DCEA7D855704765A7902FA7 /* libPods-Tests.a in Frameworks */,
			);
			runOnlyForDeploymentPostprocessing = 0;
		};
/* End PBXFrameworksBuildPhase section */

/* Begin PBXGroup section */
		4DF98AC819920DA8000E3C08 /* Service Configurations */ = {
			isa = PBXGroup;
			children = (
				4DF98AC919920DC1000E3C08 /* ServiceConfig.plist */,
			);
			name = "Service Configurations";
			sourceTree = "<group>";
		};
		4DF98ACB19920DE4000E3C08 /* Resources */ = {
			isa = PBXGroup;
			children = (
				6003F5A8195388D20070C39A /* Images.xcassets */,
			);
			name = Resources;
			sourceTree = "<group>";
		};
		4DF98ACC19920DEF000E3C08 /* Data */ = {
			isa = PBXGroup;
			children = (
			);
			name = Data;
			sourceTree = "<group>";
		};
		4DF98ACD19920DFA000E3C08 /* UI */ = {
			isa = PBXGroup;
			children = (
				4DF98AE319921241000E3C08 /* RootTabBarController.h */,
				4DF98AE419921241000E3C08 /* RootTabBarController.m */,
				4DF98ACE19920E20000E3C08 /* Syndicate */,
				4DF98ACF19920E32000E3C08 /* Message */,
				4DF98AD019920E38000E3C08 /* Media */,
				4DF98AD119920E3E000E3C08 /* Analytics */,
				4DF98AD219920E51000E3C08 /* Home */,
				4DF98AD319920E57000E3C08 /* Login */,
				4DF98AE61992136D000E3C08 /* Main.storyboard */,
			);
			name = UI;
			sourceTree = "<group>";
		};
		4DF98ACE19920E20000E3C08 /* Syndicate */ = {
			isa = PBXGroup;
			children = (
				4DE789611999D64A0077DE39 /* SyndicateStoryboard.storyboard */,
			);
			name = Syndicate;
			sourceTree = "<group>";
		};
		4DF98ACF19920E32000E3C08 /* Message */ = {
			isa = PBXGroup;
			children = (
				4DF98AE11992122A000E3C08 /* MessageStoryboard.storyboard */,
			);
			name = Message;
			sourceTree = "<group>";
		};
		4DF98AD019920E38000E3C08 /* Media */ = {
			isa = PBXGroup;
			children = (
				4DF98ADF19921224000E3C08 /* MediaStoryboard.storyboard */,
			);
			name = Media;
			sourceTree = "<group>";
		};
		4DF98AD119920E3E000E3C08 /* Analytics */ = {
			isa = PBXGroup;
			children = (
				4DF98AD419921206000E3C08 /* AnalyticStoryboard.storyboard */,
				4DF98AD519921206000E3C08 /* AnalyticViewController.h */,
				4DF98AD619921206000E3C08 /* AnalyticViewController.m */,
			);
			name = Analytics;
			sourceTree = "<group>";
		};
		4DF98AD219920E51000E3C08 /* Home */ = {
			isa = PBXGroup;
			children = (
				4DF98AD919921216000E3C08 /* HomeViewController.h */,
				4DF98ADA19921216000E3C08 /* HomeViewController.m */,
			);
			name = Home;
			sourceTree = "<group>";
		};
		4DF98AD319920E57000E3C08 /* Login */ = {
			isa = PBXGroup;
			children = (
				4DF98ADC1992121D000E3C08 /* LoginViewController.h */,
				4DF98ADD1992121D000E3C08 /* LoginViewController.m */,
			);
			name = Login;
			sourceTree = "<group>";
		};
		6003F581195388D10070C39A = {
			isa = PBXGroup;
			children = (
				60FF7A9C1954A5C5007DD14C /* Podspec Metadata */,
				6003F593195388D20070C39A /* PhoenixPlatform-iOS-SDK */,
				6003F5B5195388D20070C39A /* Tests */,
				6003F58C195388D20070C39A /* Frameworks */,
				6003F58B195388D20070C39A /* Products */,
				556A27A292F44E2D904F2CD0 /* Pods-PhoenixPlatform-iOS-SDK.xcconfig */,
				0ADE3D6C6EDB4360823ECF05 /* Pods-Tests.xcconfig */,
			);
			sourceTree = "<group>";
		};
		6003F58B195388D20070C39A /* Products */ = {
			isa = PBXGroup;
			children = (
				6003F58A195388D20070C39A /* PhoenixPlatform-iOS-SDK.app */,
				6003F5AE195388D20070C39A /* Tests.xctest */,
			);
			name = Products;
			sourceTree = "<group>";
		};
		6003F58C195388D20070C39A /* Frameworks */ = {
			isa = PBXGroup;
			children = (
				6003F58D195388D20070C39A /* Foundation.framework */,
				6003F58F195388D20070C39A /* CoreGraphics.framework */,
				6003F591195388D20070C39A /* UIKit.framework */,
				6003F5AF195388D20070C39A /* XCTest.framework */,
				7EAB79033DDC42AFA9215CA4 /* libPods-PhoenixPlatform-iOS-SDK.a */,
				4CF72022F809409584EDC439 /* libPods-Tests.a */,
			);
			name = Frameworks;
			sourceTree = "<group>";
		};
		6003F593195388D20070C39A /* PhoenixPlatform-iOS-SDK */ = {
			isa = PBXGroup;
			children = (
				4DF98ACB19920DE4000E3C08 /* Resources */,
				4DF98ACC19920DEF000E3C08 /* Data */,
				4DF98ACD19920DFA000E3C08 /* UI */,
				6003F59C195388D20070C39A /* TSAppDelegate.h */,
				6003F59D195388D20070C39A /* TSAppDelegate.m */,
				6003F594195388D20070C39A /* Supporting Files */,
			);
			path = "PhoenixPlatform-iOS-SDK";
			sourceTree = "<group>";
		};
		6003F594195388D20070C39A /* Supporting Files */ = {
			isa = PBXGroup;
			children = (
				4DF98AC819920DA8000E3C08 /* Service Configurations */,
				6003F595195388D20070C39A /* PhoenixPlatform-iOS-SDK-Info.plist */,
				6003F596195388D20070C39A /* InfoPlist.strings */,
				6003F599195388D20070C39A /* main.m */,
				6003F59B195388D20070C39A /* PhoenixPlatform-iOS-SDK-Prefix.pch */,
			);
			name = "Supporting Files";
			sourceTree = "<group>";
		};
		6003F5B5195388D20070C39A /* Tests */ = {
			isa = PBXGroup;
			children = (
				6003F5BB195388D20070C39A /* Tests.m */,
				6003F5B6195388D20070C39A /* Supporting Files */,
			);
			path = Tests;
			sourceTree = "<group>";
		};
		6003F5B6195388D20070C39A /* Supporting Files */ = {
			isa = PBXGroup;
			children = (
				6003F5B7195388D20070C39A /* Tests-Info.plist */,
				6003F5B8195388D20070C39A /* InfoPlist.strings */,
				606FC2411953D9B200FFA9A0 /* Tests-Prefix.pch */,
			);
			name = "Supporting Files";
			sourceTree = "<group>";
		};
		60FF7A9C1954A5C5007DD14C /* Podspec Metadata */ = {
			isa = PBXGroup;
			children = (
				5FD0C429EC44400C859050FF /* PhoenixPlatform-iOS-SDK.podspec */,
				3A8FF075151D4C2BABA8C0A7 /* README.md */,
				E022F8D83AC448F8B6BE8EDC /* LICENSE */,
			);
			name = "Podspec Metadata";
			sourceTree = "<group>";
		};
/* End PBXGroup section */

/* Begin PBXNativeTarget section */
		6003F589195388D20070C39A /* PhoenixPlatform-iOS-SDK */ = {
			isa = PBXNativeTarget;
			buildConfigurationList = 6003F5BF195388D20070C39A /* Build configuration list for PBXNativeTarget "PhoenixPlatform-iOS-SDK" */;
			buildPhases = (
				B9A19ECE99BC4B63AF37CA8E /* Check Pods Manifest.lock */,
				6003F586195388D20070C39A /* Sources */,
				6003F587195388D20070C39A /* Frameworks */,
				6003F588195388D20070C39A /* Resources */,
				413F9A6E8CEF4152882AEDC9 /* Copy Pods Resources */,
			);
			buildRules = (
			);
			dependencies = (
			);
			name = "PhoenixPlatform-iOS-SDK";
			productName = "PhoenixPlatform-iOS-SDK";
			productReference = 6003F58A195388D20070C39A /* PhoenixPlatform-iOS-SDK.app */;
			productType = "com.apple.product-type.application";
		};
		6003F5AD195388D20070C39A /* Tests */ = {
			isa = PBXNativeTarget;
			buildConfigurationList = 6003F5C2195388D20070C39A /* Build configuration list for PBXNativeTarget "Tests" */;
			buildPhases = (
				2E0BD163E5D5457589E1E613 /* Check Pods Manifest.lock */,
				6003F5AA195388D20070C39A /* Sources */,
				6003F5AB195388D20070C39A /* Frameworks */,
				6003F5AC195388D20070C39A /* Resources */,
				EF4E9160385A4B1BAEA1DEA7 /* Copy Pods Resources */,
			);
			buildRules = (
			);
			dependencies = (
				6003F5B4195388D20070C39A /* PBXTargetDependency */,
			);
			name = Tests;
			productName = "PhoenixPlatform-iOS-SDKTests";
			productReference = 6003F5AE195388D20070C39A /* Tests.xctest */;
			productType = "com.apple.product-type.bundle.unit-test";
		};
/* End PBXNativeTarget section */

/* Begin PBXProject section */
		6003F582195388D10070C39A /* Project object */ = {
			isa = PBXProject;
			attributes = {
				CLASSPREFIX = TS;
				LastUpgradeCheck = 0510;
				ORGANIZATIONNAME = karen;
				TargetAttributes = {
					6003F5AD195388D20070C39A = {
						TestTargetID = 6003F589195388D20070C39A;
					};
				};
			};
			buildConfigurationList = 6003F585195388D10070C39A /* Build configuration list for PBXProject "PhoenixPlatform-iOS-SDK" */;
			compatibilityVersion = "Xcode 3.2";
			developmentRegion = English;
			hasScannedForEncodings = 0;
			knownRegions = (
				en,
				Base,
			);
			mainGroup = 6003F581195388D10070C39A;
			productRefGroup = 6003F58B195388D20070C39A /* Products */;
			projectDirPath = "";
			projectRoot = "";
			targets = (
				6003F589195388D20070C39A /* PhoenixPlatform-iOS-SDK */,
				6003F5AD195388D20070C39A /* Tests */,
			);
		};
/* End PBXProject section */

/* Begin PBXResourcesBuildPhase section */
		6003F588195388D20070C39A /* Resources */ = {
			isa = PBXResourcesBuildPhase;
			buildActionMask = 2147483647;
			files = (
				4DF98AE71992136D000E3C08 /* Main.storyboard in Resources */,
				4DF98ACA19920DC1000E3C08 /* ServiceConfig.plist in Resources */,
				4DE789621999D64A0077DE39 /* SyndicateStoryboard.storyboard in Resources */,
				6003F5A9195388D20070C39A /* Images.xcassets in Resources */,
				4DF98AD719921206000E3C08 /* AnalyticStoryboard.storyboard in Resources */,
				6003F598195388D20070C39A /* InfoPlist.strings in Resources */,
				4DF98AE019921224000E3C08 /* MediaStoryboard.storyboard in Resources */,
				4DF98AE21992122A000E3C08 /* MessageStoryboard.storyboard in Resources */,
			);
			runOnlyForDeploymentPostprocessing = 0;
		};
		6003F5AC195388D20070C39A /* Resources */ = {
			isa = PBXResourcesBuildPhase;
			buildActionMask = 2147483647;
			files = (
				6003F5BA195388D20070C39A /* InfoPlist.strings in Resources */,
			);
			runOnlyForDeploymentPostprocessing = 0;
		};
/* End PBXResourcesBuildPhase section */

/* Begin PBXShellScriptBuildPhase section */
		2E0BD163E5D5457589E1E613 /* Check Pods Manifest.lock */ = {
			isa = PBXShellScriptBuildPhase;
			buildActionMask = 2147483647;
			files = (
			);
			inputPaths = (
			);
			name = "Check Pods Manifest.lock";
			outputPaths = (
			);
			runOnlyForDeploymentPostprocessing = 0;
			shellPath = /bin/sh;
			shellScript = "diff \"${PODS_ROOT}/../Podfile.lock\" \"${PODS_ROOT}/Manifest.lock\" > /dev/null\nif [[ $? != 0 ]] ; then\n    cat << EOM\nerror: The sandbox is not in sync with the Podfile.lock. Run 'pod install' or update your CocoaPods installation.\nEOM\n    exit 1\nfi\n";
			showEnvVarsInLog = 0;
		};
		413F9A6E8CEF4152882AEDC9 /* Copy Pods Resources */ = {
			isa = PBXShellScriptBuildPhase;
			buildActionMask = 2147483647;
			files = (
			);
			inputPaths = (
			);
			name = "Copy Pods Resources";
			outputPaths = (
			);
			runOnlyForDeploymentPostprocessing = 0;
			shellPath = /bin/sh;
			shellScript = "\"${SRCROOT}/Pods/Pods-PhoenixPlatform-iOS-SDK-resources.sh\"\n";
			showEnvVarsInLog = 0;
		};
		B9A19ECE99BC4B63AF37CA8E /* Check Pods Manifest.lock */ = {
			isa = PBXShellScriptBuildPhase;
			buildActionMask = 2147483647;
			files = (
			);
			inputPaths = (
			);
			name = "Check Pods Manifest.lock";
			outputPaths = (
			);
			runOnlyForDeploymentPostprocessing = 0;
			shellPath = /bin/sh;
			shellScript = "diff \"${PODS_ROOT}/../Podfile.lock\" \"${PODS_ROOT}/Manifest.lock\" > /dev/null\nif [[ $? != 0 ]] ; then\n    cat << EOM\nerror: The sandbox is not in sync with the Podfile.lock. Run 'pod install' or update your CocoaPods installation.\nEOM\n    exit 1\nfi\n";
			showEnvVarsInLog = 0;
		};
		EF4E9160385A4B1BAEA1DEA7 /* Copy Pods Resources */ = {
			isa = PBXShellScriptBuildPhase;
			buildActionMask = 2147483647;
			files = (
			);
			inputPaths = (
			);
			name = "Copy Pods Resources";
			outputPaths = (
			);
			runOnlyForDeploymentPostprocessing = 0;
			shellPath = /bin/sh;
			shellScript = "\"${SRCROOT}/Pods/Pods-Tests-resources.sh\"\n";
			showEnvVarsInLog = 0;
		};
/* End PBXShellScriptBuildPhase section */

/* Begin PBXSourcesBuildPhase section */
		6003F586195388D20070C39A /* Sources */ = {
			isa = PBXSourcesBuildPhase;
			buildActionMask = 2147483647;
			files = (
				6003F59E195388D20070C39A /* TSAppDelegate.m in Sources */,
				4DF98AD819921206000E3C08 /* AnalyticViewController.m in Sources */,
				6003F59A195388D20070C39A /* main.m in Sources */,
				4DF98AE519921241000E3C08 /* RootTabBarController.m in Sources */,
				4DF98ADB19921216000E3C08 /* HomeViewController.m in Sources */,
				4DF98ADE1992121D000E3C08 /* LoginViewController.m in Sources */,
			);
			runOnlyForDeploymentPostprocessing = 0;
		};
		6003F5AA195388D20070C39A /* Sources */ = {
			isa = PBXSourcesBuildPhase;
			buildActionMask = 2147483647;
			files = (
				6003F5BC195388D20070C39A /* Tests.m in Sources */,
			);
			runOnlyForDeploymentPostprocessing = 0;
		};
/* End PBXSourcesBuildPhase section */

/* Begin PBXTargetDependency section */
		6003F5B4195388D20070C39A /* PBXTargetDependency */ = {
			isa = PBXTargetDependency;
			target = 6003F589195388D20070C39A /* PhoenixPlatform-iOS-SDK */;
			targetProxy = 6003F5B3195388D20070C39A /* PBXContainerItemProxy */;
		};
/* End PBXTargetDependency section */

/* Begin PBXVariantGroup section */
		6003F596195388D20070C39A /* InfoPlist.strings */ = {
			isa = PBXVariantGroup;
			children = (
				6003F597195388D20070C39A /* en */,
			);
			name = InfoPlist.strings;
			sourceTree = "<group>";
		};
		6003F5B8195388D20070C39A /* InfoPlist.strings */ = {
			isa = PBXVariantGroup;
			children = (
				6003F5B9195388D20070C39A /* en */,
			);
			name = InfoPlist.strings;
			sourceTree = "<group>";
		};
/* End PBXVariantGroup section */

/* Begin XCBuildConfiguration section */
		6003F5BD195388D20070C39A /* Debug */ = {
			isa = XCBuildConfiguration;
			buildSettings = {
				ALWAYS_SEARCH_USER_PATHS = NO;
				CLANG_CXX_LANGUAGE_STANDARD = "gnu++0x";
				CLANG_CXX_LIBRARY = "libc++";
				CLANG_ENABLE_MODULES = YES;
				CLANG_ENABLE_OBJC_ARC = YES;
				CLANG_WARN_BOOL_CONVERSION = YES;
				CLANG_WARN_CONSTANT_CONVERSION = YES;
				CLANG_WARN_DIRECT_OBJC_ISA_USAGE = YES_ERROR;
				CLANG_WARN_EMPTY_BODY = YES;
				CLANG_WARN_ENUM_CONVERSION = YES;
				CLANG_WARN_INT_CONVERSION = YES;
				CLANG_WARN_OBJC_ROOT_CLASS = YES_ERROR;
				CLANG_WARN__DUPLICATE_METHOD_MATCH = YES;
				"CODE_SIGN_IDENTITY[sdk=iphoneos*]" = "iPhone Developer";
				COPY_PHASE_STRIP = NO;
				GCC_C_LANGUAGE_STANDARD = gnu99;
				GCC_DYNAMIC_NO_PIC = NO;
				GCC_OPTIMIZATION_LEVEL = 0;
				GCC_PREPROCESSOR_DEFINITIONS = (
					"DEBUG=1",
					"$(inherited)",
				);
				GCC_SYMBOLS_PRIVATE_EXTERN = NO;
				GCC_WARN_64_TO_32_BIT_CONVERSION = YES;
				GCC_WARN_ABOUT_RETURN_TYPE = YES_ERROR;
				GCC_WARN_UNDECLARED_SELECTOR = YES;
				GCC_WARN_UNINITIALIZED_AUTOS = YES_AGGRESSIVE;
				GCC_WARN_UNUSED_FUNCTION = YES;
				GCC_WARN_UNUSED_VARIABLE = YES;
				IPHONEOS_DEPLOYMENT_TARGET = 7.1;
				ONLY_ACTIVE_ARCH = YES;
				SDKROOT = iphoneos;
				TARGETED_DEVICE_FAMILY = "1,2";
			};
			name = Debug;
		};
		6003F5BE195388D20070C39A /* Release */ = {
			isa = XCBuildConfiguration;
			buildSettings = {
				ALWAYS_SEARCH_USER_PATHS = NO;
				CLANG_CXX_LANGUAGE_STANDARD = "gnu++0x";
				CLANG_CXX_LIBRARY = "libc++";
				CLANG_ENABLE_MODULES = YES;
				CLANG_ENABLE_OBJC_ARC = YES;
				CLANG_WARN_BOOL_CONVERSION = YES;
				CLANG_WARN_CONSTANT_CONVERSION = YES;
				CLANG_WARN_DIRECT_OBJC_ISA_USAGE = YES_ERROR;
				CLANG_WARN_EMPTY_BODY = YES;
				CLANG_WARN_ENUM_CONVERSION = YES;
				CLANG_WARN_INT_CONVERSION = YES;
				CLANG_WARN_OBJC_ROOT_CLASS = YES_ERROR;
				CLANG_WARN__DUPLICATE_METHOD_MATCH = YES;
				"CODE_SIGN_IDENTITY[sdk=iphoneos*]" = "iPhone Developer";
				COPY_PHASE_STRIP = YES;
				ENABLE_NS_ASSERTIONS = NO;
				GCC_C_LANGUAGE_STANDARD = gnu99;
				GCC_WARN_64_TO_32_BIT_CONVERSION = YES;
				GCC_WARN_ABOUT_RETURN_TYPE = YES_ERROR;
				GCC_WARN_UNDECLARED_SELECTOR = YES;
				GCC_WARN_UNINITIALIZED_AUTOS = YES_AGGRESSIVE;
				GCC_WARN_UNUSED_FUNCTION = YES;
				GCC_WARN_UNUSED_VARIABLE = YES;
				IPHONEOS_DEPLOYMENT_TARGET = 7.1;
				SDKROOT = iphoneos;
				TARGETED_DEVICE_FAMILY = "1,2";
				VALIDATE_PRODUCT = YES;
			};
			name = Release;
		};
		6003F5C0195388D20070C39A /* Debug */ = {
			isa = XCBuildConfiguration;
			baseConfigurationReference = 556A27A292F44E2D904F2CD0 /* Pods-PhoenixPlatform-iOS-SDK.xcconfig */;
			buildSettings = {
				ASSETCATALOG_COMPILER_APPICON_NAME = AppIcon;
				ASSETCATALOG_COMPILER_LAUNCHIMAGE_NAME = LaunchImage;
				GCC_PRECOMPILE_PREFIX_HEADER = YES;
				GCC_PREFIX_HEADER = "PhoenixPlatform-iOS-SDK/PhoenixPlatform-iOS-SDK-Prefix.pch";
				INFOPLIST_FILE = "PhoenixPlatform-iOS-SDK/PhoenixPlatform-iOS-SDK-Info.plist";
				PRODUCT_NAME = "$(TARGET_NAME)";
				WRAPPER_EXTENSION = app;
			};
			name = Debug;
		};
		6003F5C1195388D20070C39A /* Release */ = {
			isa = XCBuildConfiguration;
			baseConfigurationReference = 556A27A292F44E2D904F2CD0 /* Pods-PhoenixPlatform-iOS-SDK.xcconfig */;
			buildSettings = {
				ASSETCATALOG_COMPILER_APPICON_NAME = AppIcon;
				ASSETCATALOG_COMPILER_LAUNCHIMAGE_NAME = LaunchImage;
				GCC_PRECOMPILE_PREFIX_HEADER = YES;
				GCC_PREFIX_HEADER = "PhoenixPlatform-iOS-SDK/PhoenixPlatform-iOS-SDK-Prefix.pch";
				INFOPLIST_FILE = "PhoenixPlatform-iOS-SDK/PhoenixPlatform-iOS-SDK-Info.plist";
				PRODUCT_NAME = "$(TARGET_NAME)";
				WRAPPER_EXTENSION = app;
			};
			name = Release;
		};
		6003F5C3195388D20070C39A /* Debug */ = {
			isa = XCBuildConfiguration;
			baseConfigurationReference = 0ADE3D6C6EDB4360823ECF05 /* Pods-Tests.xcconfig */;
			buildSettings = {
				BUNDLE_LOADER = "$(BUILT_PRODUCTS_DIR)/PhoenixPlatform-iOS-SDK.app/PhoenixPlatform-iOS-SDK";
				FRAMEWORK_SEARCH_PATHS = (
					"$(SDKROOT)/Developer/Library/Frameworks",
					"$(inherited)",
					"$(DEVELOPER_FRAMEWORKS_DIR)",
				);
				GCC_PRECOMPILE_PREFIX_HEADER = YES;
				GCC_PREFIX_HEADER = "Tests/Tests-Prefix.pch";
				GCC_PREPROCESSOR_DEFINITIONS = (
					"DEBUG=1",
					"$(inherited)",
				);
				INFOPLIST_FILE = "Tests/Tests-Info.plist";
				PRODUCT_NAME = "$(TARGET_NAME)";
				TEST_HOST = "$(BUNDLE_LOADER)";
				WRAPPER_EXTENSION = xctest;
			};
			name = Debug;
		};
		6003F5C4195388D20070C39A /* Release */ = {
			isa = XCBuildConfiguration;
			baseConfigurationReference = 0ADE3D6C6EDB4360823ECF05 /* Pods-Tests.xcconfig */;
			buildSettings = {
				BUNDLE_LOADER = "$(BUILT_PRODUCTS_DIR)/PhoenixPlatform-iOS-SDK.app/PhoenixPlatform-iOS-SDK";
				FRAMEWORK_SEARCH_PATHS = (
					"$(SDKROOT)/Developer/Library/Frameworks",
					"$(inherited)",
					"$(DEVELOPER_FRAMEWORKS_DIR)",
				);
				GCC_PRECOMPILE_PREFIX_HEADER = YES;
				GCC_PREFIX_HEADER = "Tests/Tests-Prefix.pch";
				INFOPLIST_FILE = "Tests/Tests-Info.plist";
				PRODUCT_NAME = "$(TARGET_NAME)";
				TEST_HOST = "$(BUNDLE_LOADER)";
				WRAPPER_EXTENSION = xctest;
			};
			name = Release;
		};
/* End XCBuildConfiguration section */

/* Begin XCConfigurationList section */
		6003F585195388D10070C39A /* Build configuration list for PBXProject "PhoenixPlatform-iOS-SDK" */ = {
			isa = XCConfigurationList;
			buildConfigurations = (
				6003F5BD195388D20070C39A /* Debug */,
				6003F5BE195388D20070C39A /* Release */,
			);
			defaultConfigurationIsVisible = 0;
			defaultConfigurationName = Release;
		};
		6003F5BF195388D20070C39A /* Build configuration list for PBXNativeTarget "PhoenixPlatform-iOS-SDK" */ = {
			isa = XCConfigurationList;
			buildConfigurations = (
				6003F5C0195388D20070C39A /* Debug */,
				6003F5C1195388D20070C39A /* Release */,
			);
			defaultConfigurationIsVisible = 0;
			defaultConfigurationName = Release;
		};
		6003F5C2195388D20070C39A /* Build configuration list for PBXNativeTarget "Tests" */ = {
			isa = XCConfigurationList;
			buildConfigurations = (
				6003F5C3195388D20070C39A /* Debug */,
				6003F5C4195388D20070C39A /* Release */,
			);
			defaultConfigurationIsVisible = 0;
			defaultConfigurationName = Release;
		};
/* End XCConfigurationList section */
	};
	rootObject = 6003F582195388D10070C39A /* Project object */;
}
