PODS:
  - AFNetworking (2.2.4):
    - AFNetworking/NSURLConnection
    - AFNetworking/NSURLSession
    - AFNetworking/Reachability
    - AFNetworking/Security
    - AFNetworking/Serialization
    - AFNetworking/UIKit
  - AFNetworking/NSURLConnection (2.2.4):
    - AFNetworking/Reachability
    - AFNetworking/Security
    - AFNetworking/Serialization
  - AFNetworking/NSURLSession (2.2.4):
    - AFNetworking/NSURLConnection
  - AFNetworking/Reachability (2.2.4)
  - AFNetworking/Security (2.2.4)
  - AFNetworking/Serialization (2.2.4)
  - AFNetworking/UIKit (2.2.4):
    - AFNetworking/NSURLConnection
    - AFNetworking/NSURLSession
  - AFOAuth2Client@phoenixplatform (0.1.1.1):
    - AFNetworking (~> 2.0)
  - CocoaLumberjack (1.6.5.1):
    - CocoaLumberjack/Core
    - CocoaLumberjack/Extensions
  - CocoaLumberjack/Core (1.6.5.1)
  - CocoaLumberjack/Extensions (1.6.5.1):
    - CocoaLumberjack/Core
  - ISO8601DateFormatter (0.7)
  - YapDatabase (2.4.2):
    - YapDatabase/standard
  - YapDatabase/common (2.4.2):
    - CocoaLumberjack (~> 1.6.3)
  - YapDatabase/standard (2.4.2):
    - YapDatabase/common

DEPENDENCIES:
  - AFNetworking
  - AFOAuth2Client@phoenixplatform
  - ISO8601DateFormatter (~> 0.7)
  - YapDatabase (~> 2.4)

SPEC CHECKSUMS:
  AFNetworking: ab63e259fe91eef4519b371ef0a4955af0e73e64
  AFOAuth2Client@phoenixplatform: 9785fffb216a616da21c76e8cbefff9d7840ae6e
  CocoaLumberjack: baf4a09a3bcbdfea3363556a90104e026d3504e2
  ISO8601DateFormatter: 59731cd880cf87e71b4fa95f0d6b713dcbc4cbce
  YapDatabase: 269e2799fe19c7a517521783b909d11873dcb0c8

COCOAPODS: 0.33.1
